{
  "name": "ordered-table",
  "version": "1.0.0",
  "lockfileVersion": 1,
  "requires": true,
  "dependencies": {
    "@mousetool/tfm-vscode": {
      "version": "1.0.1",
      "resolved": "https://npm.pkg.github.com/download/@mousetool/tfm-vscode/1.0.1/56cae670a0515ce52eb49d3a2b88734a94e41efcc40f361da96f230eb3eddbae",
      "integrity": "sha512-gUydKCaQ+Vs8vSMVsVkg1/aSBN2UC5ZB95I9CSO4EC6QL0g/TXlUDLfUBuc1EV/H2BYa9PyutTMlowofykastg==",
      "dev": true
    }
  }
}
